{
  "name": "5.9",
  "lockfileVersion": 3,
  "requires": true,
  "packages": {
    "": {
      "dependencies": {
        "types-registry": "^0.1.737"
      }
    },
    "node_modules/types-registry": {
      "version": "0.1.737",
      "resolved": "https://registry.npmjs.org/types-registry/-/types-registry-0.1.737.tgz",
      "integrity": "sha512-0y7Jyw5b3vRfCarO9k50T+wFNFXvLXkScgwiEC16uU2IXbI5yTeJJ4KAE2csJ+aPJTzrwRtHgzUw5hROJL9wpg==",
      "license": "MIT"
    }
  }
}
